// !$*UTF8*$!
{
	archiveVersion = 1;
	classes = {
	};
	objectVersion = 55;
	objects = {

/* Begin PBXBuildFile section */
		6A27D3D8100C0604A7C4A73F /* Pods_CalorieBuddy.framework in Frameworks */ = {isa = PBXBuildFile; fileRef = 191F2367EE2ECE0D648226C3 /* Pods_CalorieBuddy.framework */; };
		BA0496A728893EDF00D0A392 /* Constants.swift in Sources */ = {isa = PBXBuildFile; fileRef = BA0496A628893EDF00D0A392 /* Constants.swift */; };
		BA25601328898BCD00DA86FD /* signinViewController.swift in Sources */ = {isa = PBXBuildFile; fileRef = BA25601228898BCD00DA86FD /* signinViewController.swift */; };
		BA25601528898CA600DA86FD /* homeViewController.swift in Sources */ = {isa = PBXBuildFile; fileRef = BA25601428898CA600DA86FD /* homeViewController.swift */; };
		BA25601728898D5D00DA86FD /* searchViewController.swift in Sources */ = {isa = PBXBuildFile; fileRef = BA25601628898D5D00DA86FD /* searchViewController.swift */; };
		BA25601928898D7200DA86FD /* profileViewController.swift in Sources */ = {isa = PBXBuildFile; fileRef = BA25601828898D7200DA86FD /* profileViewController.swift */; };
		BA25601C2889DC0F00DA86FD /* Components.swift in Sources */ = {isa = PBXBuildFile; fileRef = BA25601B2889DC0F00DA86FD /* Components.swift */; };
		BA5C7518288BD86800EF30D6 /* README.md in Resources */ = {isa = PBXBuildFile; fileRef = BA5C7517288BD86800EF30D6 /* README.md */; };
		BABD1A00288E5CF80002FF72 /* ResponseData.swift in Sources */ = {isa = PBXBuildFile; fileRef = BABD19FF288E5CF80002FF72 /* ResponseData.swift */; };
		BAE130392888883200ACD9C3 /* AppDelegate.swift in Sources */ = {isa = PBXBuildFile; fileRef = BAE130382888883200ACD9C3 /* AppDelegate.swift */; };
		BAE1303B2888883200ACD9C3 /* SceneDelegate.swift in Sources */ = {isa = PBXBuildFile; fileRef = BAE1303A2888883200ACD9C3 /* SceneDelegate.swift */; };
		BAE1303D2888883200ACD9C3 /* entryViewController.swift in Sources */ = {isa = PBXBuildFile; fileRef = BAE1303C2888883200ACD9C3 /* entryViewController.swift */; };
		BAE130422888883400ACD9C3 /* Assets.xcassets in Resources */ = {isa = PBXBuildFile; fileRef = BAE130412888883400ACD9C3 /* Assets.xcassets */; };
		BAE130452888883400ACD9C3 /* LaunchScreen.storyboard in Resources */ = {isa = PBXBuildFile; fileRef = BAE130432888883400ACD9C3 /* LaunchScreen.storyboard */; };
		BAE130532889133F00ACD9C3 /* Faxnes.ttf in Resources */ = {isa = PBXBuildFile; fileRef = BAE130512889133F00ACD9C3 /* Faxnes.ttf */; };
		BAE130542889133F00ACD9C3 /* Ranger.ttf in Resources */ = {isa = PBXBuildFile; fileRef = BAE130522889133F00ACD9C3 /* Ranger.ttf */; };
/* End PBXBuildFile section */

/* Begin PBXFileReference section */
		14F280FD8E5FA1413FC679C4 /* Pods-CalorieBuddy.release.xcconfig */ = {isa = PBXFileReference; includeInIndex = 1; lastKnownFileType = text.xcconfig; name = "Pods-CalorieBuddy.release.xcconfig"; path = "Target Support Files/Pods-CalorieBuddy/Pods-CalorieBuddy.release.xcconfig"; sourceTree = "<group>"; };
		191F2367EE2ECE0D648226C3 /* Pods_CalorieBuddy.framework */ = {isa = PBXFileReference; explicitFileType = wrapper.framework; includeInIndex = 0; path = Pods_CalorieBuddy.framework; sourceTree = BUILT_PRODUCTS_DIR; };
		64F5771DD715178D68004A83 /* Pods-CalorieBuddy.debug.xcconfig */ = {isa = PBXFileReference; includeInIndex = 1; lastKnownFileType = text.xcconfig; name = "Pods-CalorieBuddy.debug.xcconfig"; path = "Target Support Files/Pods-CalorieBuddy/Pods-CalorieBuddy.debug.xcconfig"; sourceTree = "<group>"; };
		BA0496A628893EDF00D0A392 /* Constants.swift */ = {isa = PBXFileReference; lastKnownFileType = sourcecode.swift; path = Constants.swift; sourceTree = "<group>"; };
		BA25601228898BCD00DA86FD /* signinViewController.swift */ = {isa = PBXFileReference; lastKnownFileType = sourcecode.swift; path = signinViewController.swift; sourceTree = "<group>"; };
		BA25601428898CA600DA86FD /* homeViewController.swift */ = {isa = PBXFileReference; lastKnownFileType = sourcecode.swift; path = homeViewController.swift; sourceTree = "<group>"; };
		BA25601628898D5D00DA86FD /* searchViewController.swift */ = {isa = PBXFileReference; lastKnownFileType = sourcecode.swift; path = searchViewController.swift; sourceTree = "<group>"; };
		BA25601828898D7200DA86FD /* profileViewController.swift */ = {isa = PBXFileReference; lastKnownFileType = sourcecode.swift; path = profileViewController.swift; sourceTree = "<group>"; };
		BA25601B2889DC0F00DA86FD /* Components.swift */ = {isa = PBXFileReference; lastKnownFileType = sourcecode.swift; path = Components.swift; sourceTree = "<group>"; };
		BA5C7517288BD86800EF30D6 /* README.md */ = {isa = PBXFileReference; fileEncoding = 4; lastKnownFileType = net.daringfireball.markdown; path = README.md; sourceTree = "<group>"; };
		BABD19FF288E5CF80002FF72 /* ResponseData.swift */ = {isa = PBXFileReference; lastKnownFileType = sourcecode.swift; path = ResponseData.swift; sourceTree = "<group>"; };
		BAE130352888883200ACD9C3 /* CalorieBuddy.app */ = {isa = PBXFileReference; explicitFileType = wrapper.application; includeInIndex = 0; path = CalorieBuddy.app; sourceTree = BUILT_PRODUCTS_DIR; };
		BAE130382888883200ACD9C3 /* AppDelegate.swift */ = {isa = PBXFileReference; lastKnownFileType = sourcecode.swift; path = AppDelegate.swift; sourceTree = "<group>"; };
		BAE1303A2888883200ACD9C3 /* SceneDelegate.swift */ = {isa = PBXFileReference; lastKnownFileType = sourcecode.swift; path = SceneDelegate.swift; sourceTree = "<group>"; };
		BAE1303C2888883200ACD9C3 /* entryViewController.swift */ = {isa = PBXFileReference; lastKnownFileType = sourcecode.swift; path = entryViewController.swift; sourceTree = "<group>"; };
		BAE130412888883400ACD9C3 /* Assets.xcassets */ = {isa = PBXFileReference; lastKnownFileType = folder.assetcatalog; path = Assets.xcassets; sourceTree = "<group>"; };
		BAE130442888883400ACD9C3 /* Base */ = {isa = PBXFileReference; lastKnownFileType = file.storyboard; name = Base; path = Base.lproj/LaunchScreen.storyboard; sourceTree = "<group>"; };
		BAE130462888883400ACD9C3 /* Info.plist */ = {isa = PBXFileReference; lastKnownFileType = text.plist.xml; path = Info.plist; sourceTree = "<group>"; };
		BAE130512889133F00ACD9C3 /* Faxnes.ttf */ = {isa = PBXFileReference; lastKnownFileType = file; name = Faxnes.ttf; path = ../Faxnes.ttf; sourceTree = "<group>"; };
		BAE130522889133F00ACD9C3 /* Ranger.ttf */ = {isa = PBXFileReference; lastKnownFileType = file; path = Ranger.ttf; sourceTree = "<group>"; };
/* End PBXFileReference section */

/* Begin PBXFrameworksBuildPhase section */
		BAE130322888883200ACD9C3 /* Frameworks */ = {
			isa = PBXFrameworksBuildPhase;
			buildActionMask = 2147483647;
			files = (
				6A27D3D8100C0604A7C4A73F /* Pods_CalorieBuddy.framework in Frameworks */,
			);
			runOnlyForDeploymentPostprocessing = 0;
		};
/* End PBXFrameworksBuildPhase section */

/* Begin PBXGroup section */
		35EE6E05EFB572249783BED4 /* Pods */ = {
			isa = PBXGroup;
			children = (
				64F5771DD715178D68004A83 /* Pods-CalorieBuddy.debug.xcconfig */,
				14F280FD8E5FA1413FC679C4 /* Pods-CalorieBuddy.release.xcconfig */,
			);
			path = Pods;
			sourceTree = "<group>";
		};
		BAE1302C2888883200ACD9C3 = {
			isa = PBXGroup;
			children = (
				BA5C7517288BD86800EF30D6 /* README.md */,
				BAE130372888883200ACD9C3 /* CalorieBuddy */,
				BAE130362888883200ACD9C3 /* Products */,
				35EE6E05EFB572249783BED4 /* Pods */,
				E0DB6B430A815231DEFCE326 /* Frameworks */,
			);
			sourceTree = "<group>";
		};
		BAE130362888883200ACD9C3 /* Products */ = {
			isa = PBXGroup;
			children = (
				BAE130352888883200ACD9C3 /* CalorieBuddy.app */,
			);
			name = Products;
			sourceTree = "<group>";
		};
		BAE130372888883200ACD9C3 /* CalorieBuddy */ = {
			isa = PBXGroup;
			children = (
				BAE1304D28888BEC00ACD9C3 /* Resources */,
				BAE1304C28888BD900ACD9C3 /* Views */,
				BAE130382888883200ACD9C3 /* AppDelegate.swift */,
				BAE1303A2888883200ACD9C3 /* SceneDelegate.swift */,
				BAE130412888883400ACD9C3 /* Assets.xcassets */,
				BAE130432888883400ACD9C3 /* LaunchScreen.storyboard */,
				BAE130462888883400ACD9C3 /* Info.plist */,
				BA0496A628893EDF00D0A392 /* Constants.swift */,
				BA25601B2889DC0F00DA86FD /* Components.swift */,
				BABD19FF288E5CF80002FF72 /* ResponseData.swift */,
			);
			path = CalorieBuddy;
			sourceTree = "<group>";
		};
		BAE1304C28888BD900ACD9C3 /* Views */ = {
			isa = PBXGroup;
			children = (
				BAE1303C2888883200ACD9C3 /* entryViewController.swift */,
				BA25601228898BCD00DA86FD /* signinViewController.swift */,
				BA25601428898CA600DA86FD /* homeViewController.swift */,
				BA25601628898D5D00DA86FD /* searchViewController.swift */,
				BA25601828898D7200DA86FD /* profileViewController.swift */,
			);
			path = Views;
			sourceTree = "<group>";
		};
		BAE1304D28888BEC00ACD9C3 /* Resources */ = {
			isa = PBXGroup;
			children = (
				BAE130512889133F00ACD9C3 /* Faxnes.ttf */,
				BAE130522889133F00ACD9C3 /* Ranger.ttf */,
			);
			path = Resources;
			sourceTree = "<group>";
		};
		E0DB6B430A815231DEFCE326 /* Frameworks */ = {
			isa = PBXGroup;
			children = (
				191F2367EE2ECE0D648226C3 /* Pods_CalorieBuddy.framework */,
			);
			name = Frameworks;
			sourceTree = "<group>";
		};
/* End PBXGroup section */

/* Begin PBXNativeTarget section */
		BAE130342888883200ACD9C3 /* CalorieBuddy */ = {
			isa = PBXNativeTarget;
			buildConfigurationList = BAE130492888883400ACD9C3 /* Build configuration list for PBXNativeTarget "CalorieBuddy" */;
			buildPhases = (
				874E9A1E579D39EB1E31CBF3 /* [CP] Check Pods Manifest.lock */,
				BAE130312888883200ACD9C3 /* Sources */,
				BAE130322888883200ACD9C3 /* Frameworks */,
				BAE130332888883200ACD9C3 /* Resources */,
				4A558A46C4D4E5808D352CB8 /* [CP] Embed Pods Frameworks */,
			);
			buildRules = (
			);
			dependencies = (
			);
			name = CalorieBuddy;
			productName = CalorieBuddy;
			productReference = BAE130352888883200ACD9C3 /* CalorieBuddy.app */;
			productType = "com.apple.product-type.application";
		};
/* End PBXNativeTarget section */

/* Begin PBXProject section */
		BAE1302D2888883200ACD9C3 /* Project object */ = {
			isa = PBXProject;
			attributes = {
				BuildIndependentTargetsInParallel = 1;
				LastSwiftUpdateCheck = 1340;
				LastUpgradeCheck = 1340;
				TargetAttributes = {
					BAE130342888883200ACD9C3 = {
						CreatedOnToolsVersion = 13.4.1;
					};
				};
			};
			buildConfigurationList = BAE130302888883200ACD9C3 /* Build configuration list for PBXProject "CalorieBuddy" */;
			compatibilityVersion = "Xcode 13.0";
			developmentRegion = en;
			hasScannedForEncodings = 0;
			knownRegions = (
				en,
				Base,
			);
			mainGroup = BAE1302C2888883200ACD9C3;
			productRefGroup = BAE130362888883200ACD9C3 /* Products */;
			projectDirPath = "";
			projectRoot = "";
			targets = (
				BAE130342888883200ACD9C3 /* CalorieBuddy */,
			);
		};
/* End PBXProject section */

/* Begin PBXResourcesBuildPhase section */
		BAE130332888883200ACD9C3 /* Resources */ = {
			isa = PBXResourcesBuildPhase;
			buildActionMask = 2147483647;
			files = (
				BAE130452888883400ACD9C3 /* LaunchScreen.storyboard in Resources */,
				BAE130542889133F00ACD9C3 /* Ranger.ttf in Resources */,
				BA5C7518288BD86800EF30D6 /* README.md in Resources */,
				BAE130422888883400ACD9C3 /* Assets.xcassets in Resources */,
				BAE130532889133F00ACD9C3 /* Faxnes.ttf in Resources */,
			);
			runOnlyForDeploymentPostprocessing = 0;
		};
/* End PBXResourcesBuildPhase section */

/* Begin PBXShellScriptBuildPhase section */
		4A558A46C4D4E5808D352CB8 /* [CP] Embed Pods Frameworks */ = {
			isa = PBXShellScriptBuildPhase;
			buildActionMask = 2147483647;
			files = (
			);
			inputFileListPaths = (
				"${PODS_ROOT}/Target Support Files/Pods-CalorieBuddy/Pods-CalorieBuddy-frameworks-${CONFIGURATION}-input-files.xcfilelist",
			);
			name = "[CP] Embed Pods Frameworks";
			outputFileListPaths = (
				"${PODS_ROOT}/Target Support Files/Pods-CalorieBuddy/Pods-CalorieBuddy-frameworks-${CONFIGURATION}-output-files.xcfilelist",
			);
			runOnlyForDeploymentPostprocessing = 0;
			shellPath = /bin/sh;
			shellScript = "\"${PODS_ROOT}/Target Support Files/Pods-CalorieBuddy/Pods-CalorieBuddy-frameworks.sh\"\n";
			showEnvVarsInLog = 0;
		};
		874E9A1E579D39EB1E31CBF3 /* [CP] Check Pods Manifest.lock */ = {
			isa = PBXShellScriptBuildPhase;
			buildActionMask = 2147483647;
			files = (
			);
			inputFileListPaths = (
			);
			inputPaths = (
				"${PODS_PODFILE_DIR_PATH}/Podfile.lock",
				"${PODS_ROOT}/Manifest.lock",
			);
			name = "[CP] Check Pods Manifest.lock";
			outputFileListPaths = (
			);
			outputPaths = (
				"$(DERIVED_FILE_DIR)/Pods-CalorieBuddy-checkManifestLockResult.txt",
			);
			runOnlyForDeploymentPostprocessing = 0;
			shellPath = /bin/sh;
			shellScript = "diff \"${PODS_PODFILE_DIR_PATH}/Podfile.lock\" \"${PODS_ROOT}/Manifest.lock\" > /dev/null\nif [ $? != 0 ] ; then\n    # print error to STDERR\n    echo \"error: The sandbox is not in sync with the Podfile.lock. Run 'pod install' or update your CocoaPods installation.\" >&2\n    exit 1\nfi\n# This output is used by Xcode 'outputs' to avoid re-running this script phase.\necho \"SUCCESS\" > \"${SCRIPT_OUTPUT_FILE_0}\"\n";
			showEnvVarsInLog = 0;
		};
/* End PBXShellScriptBuildPhase section */

/* Begin PBXSourcesBuildPhase section */
		BAE130312888883200ACD9C3 /* Sources */ = {
			isa = PBXSourcesBuildPhase;
			buildActionMask = 2147483647;
			files = (
				BA25601728898D5D00DA86FD /* searchViewController.swift in Sources */,
				BABD1A00288E5CF80002FF72 /* ResponseData.swift in Sources */,
				BAE1303D2888883200ACD9C3 /* entryViewController.swift in Sources */,
				BA25601C2889DC0F00DA86FD /* Components.swift in Sources */,
				BA25601528898CA600DA86FD /* homeViewController.swift in Sources */,
				BA25601328898BCD00DA86FD /* signinViewController.swift in Sources */,
				BAE130392888883200ACD9C3 /* AppDelegate.swift in Sources */,
				BAE1303B2888883200ACD9C3 /* SceneDelegate.swift in Sources */,
				BA25601928898D7200DA86FD /* profileViewController.swift in Sources */,
				BA0496A728893EDF00D0A392 /* Constants.swift in Sources */,
			);
			runOnlyForDeploymentPostprocessing = 0;
		};
/* End PBXSourcesBuildPhase section */

/* Begin PBXVariantGroup section */
		BAE130432888883400ACD9C3 /* LaunchScreen.storyboard */ = {
			isa = PBXVariantGroup;
			children = (
				BAE130442888883400ACD9C3 /* Base */,
			);
			name = LaunchScreen.storyboard;
			sourceTree = "<group>";
		};
/* End PBXVariantGroup section */

/* Begin XCBuildConfiguration section */
		BAE130472888883400ACD9C3 /* Debug */ = {
			isa = XCBuildConfiguration;
			buildSettings = {
				ALWAYS_SEARCH_USER_PATHS = NO;
				CLANG_ANALYZER_NONNULL = YES;
				CLANG_ANALYZER_NUMBER_OBJECT_CONVERSION = YES_AGGRESSIVE;
				CLANG_CXX_LANGUAGE_STANDARD = "gnu++17";
				CLANG_ENABLE_MODULES = YES;
				CLANG_ENABLE_OBJC_ARC = YES;
				CLANG_ENABLE_OBJC_WEAK = YES;
				CLANG_WARN_BLOCK_CAPTURE_AUTORELEASING = YES;
				CLANG_WARN_BOOL_CONVERSION = YES;
				CLANG_WARN_COMMA = YES;
				CLANG_WARN_CONSTANT_CONVERSION = YES;
				CLANG_WARN_DEPRECATED_OBJC_IMPLEMENTATIONS = YES;
				CLANG_WARN_DIRECT_OBJC_ISA_USAGE = YES_ERROR;
				CLANG_WARN_DOCUMENTATION_COMMENTS = YES;
				CLANG_WARN_EMPTY_BODY = YES;
				CLANG_WARN_ENUM_CONVERSION = YES;
				CLANG_WARN_INFINITE_RECURSION = YES;
				CLANG_WARN_INT_CONVERSION = YES;
				CLANG_WARN_NON_LITERAL_NULL_CONVERSION = YES;
				CLANG_WARN_OBJC_IMPLICIT_RETAIN_SELF = YES;
				CLANG_WARN_OBJC_LITERAL_CONVERSION = YES;
				CLANG_WARN_OBJC_ROOT_CLASS = YES_ERROR;
				CLANG_WARN_QUOTED_INCLUDE_IN_FRAMEWORK_HEADER = YES;
				CLANG_WARN_RANGE_LOOP_ANALYSIS = YES;
				CLANG_WARN_STRICT_PROTOTYPES = YES;
				CLANG_WARN_SUSPICIOUS_MOVE = YES;
				CLANG_WARN_UNGUARDED_AVAILABILITY = YES_AGGRESSIVE;
				CLANG_WARN_UNREACHABLE_CODE = YES;
				CLANG_WARN__DUPLICATE_METHOD_MATCH = YES;
				COPY_PHASE_STRIP = NO;
				DEBUG_INFORMATION_FORMAT = dwarf;
				ENABLE_STRICT_OBJC_MSGSEND = YES;
				ENABLE_TESTABILITY = YES;
				GCC_C_LANGUAGE_STANDARD = gnu11;
				GCC_DYNAMIC_NO_PIC = NO;
				GCC_NO_COMMON_BLOCKS = YES;
				GCC_OPTIMIZATION_LEVEL = 0;
				GCC_PREPROCESSOR_DEFINITIONS = (
					"DEBUG=1",
					"$(inherited)",
				);
				GCC_WARN_64_TO_32_BIT_CONVERSION = YES;
				GCC_WARN_ABOUT_RETURN_TYPE = YES_ERROR;
				GCC_WARN_UNDECLARED_SELECTOR = YES;
				GCC_WARN_UNINITIALIZED_AUTOS = YES_AGGRESSIVE;
				GCC_WARN_UNUSED_FUNCTION = YES;
				GCC_WARN_UNUSED_VARIABLE = YES;
				IPHONEOS_DEPLOYMENT_TARGET = 15.5;
				MTL_ENABLE_DEBUG_INFO = INCLUDE_SOURCE;
				MTL_FAST_MATH = YES;
				ONLY_ACTIVE_ARCH = YES;
				SDKROOT = iphoneos;
				SWIFT_ACTIVE_COMPILATION_CONDITIONS = DEBUG;
				SWIFT_OPTIMIZATION_LEVEL = "-Onone";
			};
			name = Debug;
		};
		BAE130482888883400ACD9C3 /* Release */ = {
			isa = XCBuildConfiguration;
			buildSettings = {
				ALWAYS_SEARCH_USER_PATHS = NO;
				CLANG_ANALYZER_NONNULL = YES;
				CLANG_ANALYZER_NUMBER_OBJECT_CONVERSION = YES_AGGRESSIVE;
				CLANG_CXX_LANGUAGE_STANDARD = "gnu++17";
				CLANG_ENABLE_MODULES = YES;
				CLANG_ENABLE_OBJC_ARC = YES;
				CLANG_ENABLE_OBJC_WEAK = YES;
				CLANG_WARN_BLOCK_CAPTURE_AUTORELEASING = YES;
				CLANG_WARN_BOOL_CONVERSION = YES;
				CLANG_WARN_COMMA = YES;
				CLANG_WARN_CONSTANT_CONVERSION = YES;
				CLANG_WARN_DEPRECATED_OBJC_IMPLEMENTATIONS = YES;
				CLANG_WARN_DIRECT_OBJC_ISA_USAGE = YES_ERROR;
				CLANG_WARN_DOCUMENTATION_COMMENTS = YES;
				CLANG_WARN_EMPTY_BODY = YES;
				CLANG_WARN_ENUM_CONVERSION = YES;
				CLANG_WARN_INFINITE_RECURSION = YES;
				CLANG_WARN_INT_CONVERSION = YES;
				CLANG_WARN_NON_LITERAL_NULL_CONVERSION = YES;
				CLANG_WARN_OBJC_IMPLICIT_RETAIN_SELF = YES;
				CLANG_WARN_OBJC_LITERAL_CONVERSION = YES;
				CLANG_WARN_OBJC_ROOT_CLASS = YES_ERROR;
				CLANG_WARN_QUOTED_INCLUDE_IN_FRAMEWORK_HEADER = YES;
				CLANG_WARN_RANGE_LOOP_ANALYSIS = YES;
				CLANG_WARN_STRICT_PROTOTYPES = YES;
				CLANG_WARN_SUSPICIOUS_MOVE = YES;
				CLANG_WARN_UNGUARDED_AVAILABILITY = YES_AGGRESSIVE;
				CLANG_WARN_UNREACHABLE_CODE = YES;
				CLANG_WARN__DUPLICATE_METHOD_MATCH = YES;
				COPY_PHASE_STRIP = NO;
				DEBUG_INFORMATION_FORMAT = "dwarf-with-dsym";
				ENABLE_NS_ASSERTIONS = NO;
				ENABLE_STRICT_OBJC_MSGSEND = YES;
				GCC_C_LANGUAGE_STANDARD = gnu11;
				GCC_NO_COMMON_BLOCKS = YES;
				GCC_WARN_64_TO_32_BIT_CONVERSION = YES;
				GCC_WARN_ABOUT_RETURN_TYPE = YES_ERROR;
				GCC_WARN_UNDECLARED_SELECTOR = YES;
				GCC_WARN_UNINITIALIZED_AUTOS = YES_AGGRESSIVE;
				GCC_WARN_UNUSED_FUNCTION = YES;
				GCC_WARN_UNUSED_VARIABLE = YES;
				IPHONEOS_DEPLOYMENT_TARGET = 15.5;
				MTL_ENABLE_DEBUG_INFO = NO;
				MTL_FAST_MATH = YES;
				SDKROOT = iphoneos;
				SWIFT_COMPILATION_MODE = wholemodule;
				SWIFT_OPTIMIZATION_LEVEL = "-O";
				VALIDATE_PRODUCT = YES;
			};
			name = Release;
		};
		BAE1304A2888883400ACD9C3 /* Debug */ = {
			isa = XCBuildConfiguration;
			baseConfigurationReference = 64F5771DD715178D68004A83 /* Pods-CalorieBuddy.debug.xcconfig */;
			buildSettings = {
				ASSETCATALOG_COMPILER_APPICON_NAME = AppIcon;
				ASSETCATALOG_COMPILER_GLOBAL_ACCENT_COLOR_NAME = AccentColor;
				CODE_SIGN_STYLE = Automatic;
				CURRENT_PROJECT_VERSION = 1;
				DEVELOPMENT_TEAM = TWZ5857WT6;
				GENERATE_INFOPLIST_FILE = YES;
				INFOPLIST_FILE = CalorieBuddy/Info.plist;
				INFOPLIST_KEY_UIApplicationSupportsIndirectInputEvents = YES;
				INFOPLIST_KEY_UILaunchStoryboardName = LaunchScreen;
				INFOPLIST_KEY_UISupportedInterfaceOrientations_iPad = "UIInterfaceOrientationPortrait UIInterfaceOrientationPortraitUpsideDown UIInterfaceOrientationLandscapeLeft UIInterfaceOrientationLandscapeRight";
				INFOPLIST_KEY_UISupportedInterfaceOrientations_iPhone = "UIInterfaceOrientationPortrait UIInterfaceOrientationLandscapeLeft UIInterfaceOrientationLandscapeRight";
				LD_RUNPATH_SEARCH_PATHS = (
					"$(inherited)",
					"@executable_path/Frameworks",
				);
				MARKETING_VERSION = 1.0;
				PRODUCT_BUNDLE_IDENTIFIER = com.practice.CalorieBuddy;
				PRODUCT_NAME = "$(TARGET_NAME)";
				SWIFT_EMIT_LOC_STRINGS = YES;
				SWIFT_VERSION = 5.0;
				TARGETED_DEVICE_FAMILY = "1,2";
			};
			name = Debug;
		};
		BAE1304B2888883400ACD9C3 /* Release */ = {
			isa = XCBuildConfiguration;
			baseConfigurationReference = 14F280FD8E5FA1413FC679C4 /* Pods-CalorieBuddy.release.xcconfig */;
			buildSettings = {
				ASSETCATALOG_COMPILER_APPICON_NAME = AppIcon;
				ASSETCATALOG_COMPILER_GLOBAL_ACCENT_COLOR_NAME = AccentColor;
				CODE_SIGN_STYLE = Automatic;
				CURRENT_PROJECT_VERSION = 1;
				DEVELOPMENT_TEAM = TWZ5857WT6;
				GENERATE_INFOPLIST_FILE = YES;
				INFOPLIST_FILE = CalorieBuddy/Info.plist;
				INFOPLIST_KEY_UIApplicationSupportsIndirectInputEvents = YES;
				INFOPLIST_KEY_UILaunchStoryboardName = LaunchScreen;
				INFOPLIST_KEY_UISupportedInterfaceOrientations_iPad = "UIInterfaceOrientationPortrait UIInterfaceOrientationPortraitUpsideDown UIInterfaceOrientationLandscapeLeft UIInterfaceOrientationLandscapeRight";
				INFOPLIST_KEY_UISupportedInterfaceOrientations_iPhone = "UIInterfaceOrientationPortrait UIInterfaceOrientationLandscapeLeft UIInterfaceOrientationLandscapeRight";
				LD_RUNPATH_SEARCH_PATHS = (
					"$(inherited)",
					"@executable_path/Frameworks",
				);
				MARKETING_VERSION = 1.0;
				PRODUCT_BUNDLE_IDENTIFIER = com.practice.CalorieBuddy;
				PRODUCT_NAME = "$(TARGET_NAME)";
				SWIFT_EMIT_LOC_STRINGS = YES;
				SWIFT_VERSION = 5.0;
				TARGETED_DEVICE_FAMILY = "1,2";
			};
			name = Release;
		};
/* End XCBuildConfiguration section */

/* Begin XCConfigurationList section */
		BAE130302888883200ACD9C3 /* Build configuration list for PBXProject "CalorieBuddy" */ = {
			isa = XCConfigurationList;
			buildConfigurations = (
				BAE130472888883400ACD9C3 /* Debug */,
				BAE130482888883400ACD9C3 /* Release */,
			);
			defaultConfigurationIsVisible = 0;
			defaultConfigurationName = Release;
		};
		BAE130492888883400ACD9C3 /* Build configuration list for PBXNativeTarget "CalorieBuddy" */ = {
			isa = XCConfigurationList;
			buildConfigurations = (
				BAE1304A2888883400ACD9C3 /* Debug */,
				BAE1304B2888883400ACD9C3 /* Release */,
			);
			defaultConfigurationIsVisible = 0;
			defaultConfigurationName = Release;
		};
/* End XCConfigurationList section */
	};
	rootObject = BAE1302D2888883200ACD9C3 /* Project object */;
}
